# THIS IS AN AUTOGENERATED FILE. DO NOT EDIT THIS FILE DIRECTLY.
# yarn lockfile v1


react-multi-carousel@^2.6.1:
  version "2.6.1"
  resolved "https://registry.yarnpkg.com/react-multi-carousel/-/react-multi-carousel-2.6.1.tgz#43871c8c50aab96f64769d59e2e3b88a77e0ea8b"
  integrity sha512-N0YfKqEYc9ElyGMrvukyVDMkYae76GDY4+1pXXPLvRj9uLFuaa4rCj31RWbNP8VEE2A2Sp3TSLV2yXVoLUUD8w==

react-whirligig@^6.6.15:
  version "6.6.15"
  resolved "https://registry.yarnpkg.com/react-whirligig/-/react-whirligig-6.6.15.tgz#c3dfdb348b6609d5980b1ddb8bf884977443f7c4"
  integrity sha512-XdpemECafwICwpQVl1pztr9yE/26C2RdXhuZHTlMCksCtisX68MYRvM0qA7MA1f86dKwRRvA6exML0U0fdxkfg==
